
Microsoft Visual Studio Solution File, Format Version 12.00
# Visual Studio Version 17
VisualStudioVersion = 17.3.32819.101
MinimumVisualStudioVersion = 10.0.40219.1
Project("{FAE04EC0-301F-11D3-BF4B-00C04F79EFBC}") = "TCPClient", "TCPClient\TCPClient.csproj", "{94BD7B7C-8C36-48F6-9922-7EEFA55E9B98}"
EndProject
Project("{FAE04EC0-301F-11D3-BF4B-00C04F79EFBC}") = "TCPServer", "TCPServer\TCPServer.csproj", "{52F4EE81-4831-415D-9B6C-5F41C5D39974}"
EndProject
Global
	GlobalSection(SolutionConfigurationPlatforms) = preSolution
		Debug|Any CPU = Debug|Any CPU
		Release|Any CPU = Release|Any CPU
	EndGlobalSection
	GlobalSection(ProjectConfigurationPlatforms) = postSolution
		{94BD7B7C-8C36-48F6-9922-7EEFA55E9B98}.Debug|Any CPU.ActiveCfg = Debug|Any CPU
		{94BD7B7C-8C36-48F6-9922-7EEFA55E9B98}.Debug|Any CPU.Build.0 = Debug|Any CPU
		{94BD7B7C-8C36-48F6-9922-7EEFA55E9B98}.Release|Any CPU.ActiveCfg = Release|Any CPU
		{94BD7B7C-8C36-48F6-9922-7EEFA55E9B98}.Release|Any CPU.Build.0 = Release|Any CPU
		{52F4EE81-4831-415D-9B6C-5F41C5D39974}.Debug|Any CPU.ActiveCfg = Debug|Any CPU
		{52F4EE81-4831-415D-9B6C-5F41C5D39974}.Debug|Any CPU.Build.0 = Debug|Any CPU
		{52F4EE81-4831-415D-9B6C-5F41C5D39974}.Release|Any CPU.ActiveCfg = Release|Any CPU
		{52F4EE81-4831-415D-9B6C-5F41C5D39974}.Release|Any CPU.Build.0 = Release|Any CPU
	EndGlobalSection
	GlobalSection(SolutionProperties) = preSolution
		HideSolutionNode = FALSE
	EndGlobalSection
	GlobalSection(ExtensibilityGlobals) = postSolution
		SolutionGuid = {04939EB3-5E18-49A1-9B47-3225577BAC48}
	EndGlobalSection
EndGlobal
